
Microsoft Visual Studio Solution File, Format Version 12.00
# Visual Studio Version 16
VisualStudioVersion = 16.0.29403.142
MinimumVisualStudioVersion = 10.0.40219.1
Project("{FAE04EC0-301F-11D3-BF4B-00C04F79EFBC}") = "Lab_02_7program", "Lab_02_7program\Lab_02_7program.csproj", "{189B1831-8F22-4BD5-89B4-B46273CD9201}"
EndProject
Global
	GlobalSection(SolutionConfigurationPlatforms) = preSolution
		Debug|Any CPU = Debug|Any CPU
		Release|Any CPU = Release|Any CPU
	EndGlobalSection
	GlobalSection(ProjectConfigurationPlatforms) = postSolution
		{189B1831-8F22-4BD5-89B4-B46273CD9201}.Debug|Any CPU.ActiveCfg = Debug|Any CPU
		{189B1831-8F22-4BD5-89B4-B46273CD9201}.Debug|Any CPU.Build.0 = Debug|Any CPU
		{189B1831-8F22-4BD5-89B4-B46273CD9201}.Release|Any CPU.ActiveCfg = Release|Any CPU
		{189B1831-8F22-4BD5-89B4-B46273CD9201}.Release|Any CPU.Build.0 = Release|Any CPU
	EndGlobalSection
	GlobalSection(SolutionProperties) = preSolution
		HideSolutionNode = FALSE
	EndGlobalSection
	GlobalSection(ExtensibilityGlobals) = postSolution
		SolutionGuid = {46F54677-7CDE-42A9-915C-9F94FBD864B5}
	EndGlobalSection
EndGlobal
